// !$*UTF8*$!
{
	archiveVersion = 1;
	classes = {
	};
	objectVersion = 46;
	objects = {

/* Begin PBXBuildFile section */
		710E23A71BF2550B0067AD4C /* AppDelegate.swift in Sources */ = {isa = PBXBuildFile; fileRef = 710E23A61BF2550B0067AD4C /* AppDelegate.swift */; };
		710E23AC1BF2550B0067AD4C /* Main.storyboard in Resources */ = {isa = PBXBuildFile; fileRef = 710E23AA1BF2550B0067AD4C /* Main.storyboard */; };
		710E23AE1BF2550B0067AD4C /* Assets.xcassets in Resources */ = {isa = PBXBuildFile; fileRef = 710E23AD1BF2550B0067AD4C /* Assets.xcassets */; };
		710E23B11BF2550B0067AD4C /* LaunchScreen.storyboard in Resources */ = {isa = PBXBuildFile; fileRef = 710E23AF1BF2550B0067AD4C /* LaunchScreen.storyboard */; };
		710E23B91BF2554C0067AD4C /* AWScrollView.swift in Sources */ = {isa = PBXBuildFile; fileRef = 710E23B81BF2554C0067AD4C /* AWScrollView.swift */; };
		710E23BB1BF255C10067AD4C /* MainViewController.swift in Sources */ = {isa = PBXBuildFile; fileRef = 710E23BA1BF255C10067AD4C /* MainViewController.swift */; };
		710E23BD1BF2577B0067AD4C /* Yuno.swift in Sources */ = {isa = PBXBuildFile; fileRef = 710E23BC1BF2577B0067AD4C /* Yuno.swift */; };
		710E23C01BF257BB0067AD4C /* Model.xcdatamodeld in Sources */ = {isa = PBXBuildFile; fileRef = 710E23BE1BF257BB0067AD4C /* Model.xcdatamodeld */; };
		710E24071BF264FF0067AD4C /* JTCalendarManager.m in Sources */ = {isa = PBXBuildFile; fileRef = 710E23E71BF264FF0067AD4C /* JTCalendarManager.m */; };
		710E24081BF264FF0067AD4C /* JTCalendarSettings.m in Sources */ = {isa = PBXBuildFile; fileRef = 710E23E91BF264FF0067AD4C /* JTCalendarSettings.m */; };
		710E24091BF264FF0067AD4C /* JTDateHelper.m in Sources */ = {isa = PBXBuildFile; fileRef = 710E23EB1BF264FF0067AD4C /* JTDateHelper.m */; };
		710E240A1BF264FF0067AD4C /* JTCalendarDelegateManager.m in Sources */ = {isa = PBXBuildFile; fileRef = 710E23EE1BF264FF0067AD4C /* JTCalendarDelegateManager.m */; };
		710E240B1BF264FF0067AD4C /* JTCalendarScrollManager.m in Sources */ = {isa = PBXBuildFile; fileRef = 710E23F01BF264FF0067AD4C /* JTCalendarScrollManager.m */; };
		710E240C1BF264FF0067AD4C /* JTCalendarDayView.m in Sources */ = {isa = PBXBuildFile; fileRef = 710E23FA1BF264FF0067AD4C /* JTCalendarDayView.m */; };
		710E240D1BF264FF0067AD4C /* JTCalendarMenuView.m in Sources */ = {isa = PBXBuildFile; fileRef = 710E23FC1BF264FF0067AD4C /* JTCalendarMenuView.m */; };
		710E240E1BF264FF0067AD4C /* JTCalendarPageView.m in Sources */ = {isa = PBXBuildFile; fileRef = 710E23FE1BF264FF0067AD4C /* JTCalendarPageView.m */; };
		710E240F1BF264FF0067AD4C /* JTCalendarWeekDayView.m in Sources */ = {isa = PBXBuildFile; fileRef = 710E24001BF264FF0067AD4C /* JTCalendarWeekDayView.m */; };
		710E24101BF265000067AD4C /* JTCalendarWeekView.m in Sources */ = {isa = PBXBuildFile; fileRef = 710E24021BF264FF0067AD4C /* JTCalendarWeekView.m */; };
		710E24111BF265000067AD4C /* JTHorizontalCalendarView.m in Sources */ = {isa = PBXBuildFile; fileRef = 710E24041BF264FF0067AD4C /* JTHorizontalCalendarView.m */; };
		710E24121BF265000067AD4C /* JTVerticalCalendarView.m in Sources */ = {isa = PBXBuildFile; fileRef = 710E24061BF264FF0067AD4C /* JTVerticalCalendarView.m */; };
		710E24151BF266E70067AD4C /* CalendarViewController.swift in Sources */ = {isa = PBXBuildFile; fileRef = 710E24141BF266E70067AD4C /* CalendarViewController.swift */; };
/* End PBXBuildFile section */

/* Begin PBXFileReference section */
		710E23A31BF2550B0067AD4C /* Buck Tracker.app */ = {isa = PBXFileReference; explicitFileType = wrapper.application; includeInIndex = 0; path = "Buck Tracker.app"; sourceTree = BUILT_PRODUCTS_DIR; };
		710E23A61BF2550B0067AD4C /* AppDelegate.swift */ = {isa = PBXFileReference; lastKnownFileType = sourcecode.swift; path = AppDelegate.swift; sourceTree = "<group>"; };
		710E23AB1BF2550B0067AD4C /* Base */ = {isa = PBXFileReference; lastKnownFileType = file.storyboard; name = Base; path = Base.lproj/Main.storyboard; sourceTree = "<group>"; };
		710E23AD1BF2550B0067AD4C /* Assets.xcassets */ = {isa = PBXFileReference; lastKnownFileType = folder.assetcatalog; path = Assets.xcassets; sourceTree = "<group>"; };
		710E23B01BF2550B0067AD4C /* Base */ = {isa = PBXFileReference; lastKnownFileType = file.storyboard; name = Base; path = Base.lproj/LaunchScreen.storyboard; sourceTree = "<group>"; };
		710E23B21BF2550B0067AD4C /* Info.plist */ = {isa = PBXFileReference; lastKnownFileType = text.plist.xml; path = Info.plist; sourceTree = "<group>"; };
		710E23B81BF2554C0067AD4C /* AWScrollView.swift */ = {isa = PBXFileReference; fileEncoding = 4; lastKnownFileType = sourcecode.swift; path = AWScrollView.swift; sourceTree = "<group>"; };
		710E23BA1BF255C10067AD4C /* MainViewController.swift */ = {isa = PBXFileReference; fileEncoding = 4; lastKnownFileType = sourcecode.swift; path = MainViewController.swift; sourceTree = "<group>"; };
		710E23BC1BF2577B0067AD4C /* Yuno.swift */ = {isa = PBXFileReference; fileEncoding = 4; lastKnownFileType = sourcecode.swift; path = Yuno.swift; sourceTree = "<group>"; };
		710E23BF1BF257BB0067AD4C /* Model.xcdatamodel */ = {isa = PBXFileReference; lastKnownFileType = wrapper.xcdatamodel; path = Model.xcdatamodel; sourceTree = "<group>"; };
		710E23E41BF264FF0067AD4C /* JTCalendar.h */ = {isa = PBXFileReference; fileEncoding = 4; lastKnownFileType = sourcecode.c.h; path = JTCalendar.h; sourceTree = "<group>"; };
		710E23E51BF264FF0067AD4C /* JTCalendarDelegate.h */ = {isa = PBXFileReference; fileEncoding = 4; lastKnownFileType = sourcecode.c.h; path = JTCalendarDelegate.h; sourceTree = "<group>"; };
		710E23E61BF264FF0067AD4C /* JTCalendarManager.h */ = {isa = PBXFileReference; fileEncoding = 4; lastKnownFileType = sourcecode.c.h; path = JTCalendarManager.h; sourceTree = "<group>"; };
		710E23E71BF264FF0067AD4C /* JTCalendarManager.m */ = {isa = PBXFileReference; fileEncoding = 4; lastKnownFileType = sourcecode.c.objc; path = JTCalendarManager.m; sourceTree = "<group>"; };
		710E23E81BF264FF0067AD4C /* JTCalendarSettings.h */ = {isa = PBXFileReference; fileEncoding = 4; lastKnownFileType = sourcecode.c.h; path = JTCalendarSettings.h; sourceTree = "<group>"; };
		710E23E91BF264FF0067AD4C /* JTCalendarSettings.m */ = {isa = PBXFileReference; fileEncoding = 4; lastKnownFileType = sourcecode.c.objc; path = JTCalendarSettings.m; sourceTree = "<group>"; };
		710E23EA1BF264FF0067AD4C /* JTDateHelper.h */ = {isa = PBXFileReference; fileEncoding = 4; lastKnownFileType = sourcecode.c.h; path = JTDateHelper.h; sourceTree = "<group>"; };
		710E23EB1BF264FF0067AD4C /* JTDateHelper.m */ = {isa = PBXFileReference; fileEncoding = 4; lastKnownFileType = sourcecode.c.objc; path = JTDateHelper.m; sourceTree = "<group>"; };
		710E23ED1BF264FF0067AD4C /* JTCalendarDelegateManager.h */ = {isa = PBXFileReference; fileEncoding = 4; lastKnownFileType = sourcecode.c.h; path = JTCalendarDelegateManager.h; sourceTree = "<group>"; };
		710E23EE1BF264FF0067AD4C /* JTCalendarDelegateManager.m */ = {isa = PBXFileReference; fileEncoding = 4; lastKnownFileType = sourcecode.c.objc; path = JTCalendarDelegateManager.m; sourceTree = "<group>"; };
		710E23EF1BF264FF0067AD4C /* JTCalendarScrollManager.h */ = {isa = PBXFileReference; fileEncoding = 4; lastKnownFileType = sourcecode.c.h; path = JTCalendarScrollManager.h; sourceTree = "<group>"; };
		710E23F01BF264FF0067AD4C /* JTCalendarScrollManager.m */ = {isa = PBXFileReference; fileEncoding = 4; lastKnownFileType = sourcecode.c.objc; path = JTCalendarScrollManager.m; sourceTree = "<group>"; };
		710E23F21BF264FF0067AD4C /* JTCalendarDay.h */ = {isa = PBXFileReference; fileEncoding = 4; lastKnownFileType = sourcecode.c.h; path = JTCalendarDay.h; sourceTree = "<group>"; };
		710E23F31BF264FF0067AD4C /* JTCalendarPage.h */ = {isa = PBXFileReference; fileEncoding = 4; lastKnownFileType = sourcecode.c.h; path = JTCalendarPage.h; sourceTree = "<group>"; };
		710E23F41BF264FF0067AD4C /* JTCalendarWeek.h */ = {isa = PBXFileReference; fileEncoding = 4; lastKnownFileType = sourcecode.c.h; path = JTCalendarWeek.h; sourceTree = "<group>"; };
		710E23F51BF264FF0067AD4C /* JTCalendarWeekDay.h */ = {isa = PBXFileReference; fileEncoding = 4; lastKnownFileType = sourcecode.c.h; path = JTCalendarWeekDay.h; sourceTree = "<group>"; };
		710E23F61BF264FF0067AD4C /* JTContent.h */ = {isa = PBXFileReference; fileEncoding = 4; lastKnownFileType = sourcecode.c.h; path = JTContent.h; sourceTree = "<group>"; };
		710E23F71BF264FF0067AD4C /* JTMenu.h */ = {isa = PBXFileReference; fileEncoding = 4; lastKnownFileType = sourcecode.c.h; path = JTMenu.h; sourceTree = "<group>"; };
		710E23F91BF264FF0067AD4C /* JTCalendarDayView.h */ = {isa = PBXFileReference; fileEncoding = 4; lastKnownFileType = sourcecode.c.h; path = JTCalendarDayView.h; sourceTree = "<group>"; };
		710E23FA1BF264FF0067AD4C /* JTCalendarDayView.m */ = {isa = PBXFileReference; fileEncoding = 4; lastKnownFileType = sourcecode.c.objc; path = JTCalendarDayView.m; sourceTree = "<group>"; };
		710E23FB1BF264FF0067AD4C /* JTCalendarMenuView.h */ = {isa = PBXFileReference; fileEncoding = 4; lastKnownFileType = sourcecode.c.h; path = JTCalendarMenuView.h; sourceTree = "<group>"; };
		710E23FC1BF264FF0067AD4C /* JTCalendarMenuView.m */ = {isa = PBXFileReference; fileEncoding = 4; lastKnownFileType = sourcecode.c.objc; path = JTCalendarMenuView.m; sourceTree = "<group>"; };
		710E23FD1BF264FF0067AD4C /* JTCalendarPageView.h */ = {isa = PBXFileReference; fileEncoding = 4; lastKnownFileType = sourcecode.c.h; path = JTCalendarPageView.h; sourceTree = "<group>"; };
		710E23FE1BF264FF0067AD4C /* JTCalendarPageView.m */ = {isa = PBXFileReference; fileEncoding = 4; lastKnownFileType = sourcecode.c.objc; path = JTCalendarPageView.m; sourceTree = "<group>"; };
		710E23FF1BF264FF0067AD4C /* JTCalendarWeekDayView.h */ = {isa = PBXFileReference; fileEncoding = 4; lastKnownFileType = sourcecode.c.h; path = JTCalendarWeekDayView.h; sourceTree = "<group>"; };
		710E24001BF264FF0067AD4C /* JTCalendarWeekDayView.m */ = {isa = PBXFileReference; fileEncoding = 4; lastKnownFileType = sourcecode.c.objc; path = JTCalendarWeekDayView.m; sourceTree = "<group>"; };
		710E24011BF264FF0067AD4C /* JTCalendarWeekView.h */ = {isa = PBXFileReference; fileEncoding = 4; lastKnownFileType = sourcecode.c.h; path = JTCalendarWeekView.h; sourceTree = "<group>"; };
		710E24021BF264FF0067AD4C /* JTCalendarWeekView.m */ = {isa = PBXFileReference; fileEncoding = 4; lastKnownFileType = sourcecode.c.objc; path = JTCalendarWeekView.m; sourceTree = "<group>"; };
		710E24031BF264FF0067AD4C /* JTHorizontalCalendarView.h */ = {isa = PBXFileReference; fileEncoding = 4; lastKnownFileType = sourcecode.c.h; path = JTHorizontalCalendarView.h; sourceTree = "<group>"; };
		710E24041BF264FF0067AD4C /* JTHorizontalCalendarView.m */ = {isa = PBXFileReference; fileEncoding = 4; lastKnownFileType = sourcecode.c.objc; path = JTHorizontalCalendarView.m; sourceTree = "<group>"; };
		710E24051BF264FF0067AD4C /* JTVerticalCalendarView.h */ = {isa = PBXFileReference; fileEncoding = 4; lastKnownFileType = sourcecode.c.h; path = JTVerticalCalendarView.h; sourceTree = "<group>"; };
		710E24061BF264FF0067AD4C /* JTVerticalCalendarView.m */ = {isa = PBXFileReference; fileEncoding = 4; lastKnownFileType = sourcecode.c.objc; path = JTVerticalCalendarView.m; sourceTree = "<group>"; };
		710E24131BF265470067AD4C /* Buck_Tracker-bridging-header.h */ = {isa = PBXFileReference; lastKnownFileType = sourcecode.c.h; path = "Buck_Tracker-bridging-header.h"; sourceTree = "<group>"; };
		710E24141BF266E70067AD4C /* CalendarViewController.swift */ = {isa = PBXFileReference; fileEncoding = 4; lastKnownFileType = sourcecode.swift; path = CalendarViewController.swift; sourceTree = "<group>"; };
/* End PBXFileReference section */

/* Begin PBXFrameworksBuildPhase section */
		710E23A01BF2550B0067AD4C /* Frameworks */ = {
			isa = PBXFrameworksBuildPhase;
			buildActionMask = 2147483647;
			files = (
			);
			runOnlyForDeploymentPostprocessing = 0;
		};
/* End PBXFrameworksBuildPhase section */

/* Begin PBXGroup section */
		710E239A1BF2550B0067AD4C = {
			isa = PBXGroup;
			children = (
				710E23A51BF2550B0067AD4C /* Buck Tracker */,
				710E23E31BF264FF0067AD4C /* JTCalendar */,
				710E23A41BF2550B0067AD4C /* Products */,
			);
			sourceTree = "<group>";
		};
		710E23A41BF2550B0067AD4C /* Products */ = {
			isa = PBXGroup;
			children = (
				710E23A31BF2550B0067AD4C /* Buck Tracker.app */,
			);
			name = Products;
			sourceTree = "<group>";
		};
		710E23A51BF2550B0067AD4C /* Buck Tracker */ = {
			isa = PBXGroup;
			children = (
				710E23A61BF2550B0067AD4C /* AppDelegate.swift */,
				710E24141BF266E70067AD4C /* CalendarViewController.swift */,
				710E23B81BF2554C0067AD4C /* AWScrollView.swift */,
				710E23BA1BF255C10067AD4C /* MainViewController.swift */,
				710E23BC1BF2577B0067AD4C /* Yuno.swift */,
				710E24131BF265470067AD4C /* Buck_Tracker-bridging-header.h */,
				710E23BE1BF257BB0067AD4C /* Model.xcdatamodeld */,
				710E23AA1BF2550B0067AD4C /* Main.storyboard */,
				710E23AD1BF2550B0067AD4C /* Assets.xcassets */,
				710E23AF1BF2550B0067AD4C /* LaunchScreen.storyboard */,
				710E23B21BF2550B0067AD4C /* Info.plist */,
			);
			path = "Buck Tracker";
			sourceTree = "<group>";
		};
		710E23E31BF264FF0067AD4C /* JTCalendar */ = {
			isa = PBXGroup;
			children = (
				710E23E41BF264FF0067AD4C /* JTCalendar.h */,
				710E23E51BF264FF0067AD4C /* JTCalendarDelegate.h */,
				710E23E61BF264FF0067AD4C /* JTCalendarManager.h */,
				710E23E71BF264FF0067AD4C /* JTCalendarManager.m */,
				710E23E81BF264FF0067AD4C /* JTCalendarSettings.h */,
				710E23E91BF264FF0067AD4C /* JTCalendarSettings.m */,
				710E23EA1BF264FF0067AD4C /* JTDateHelper.h */,
				710E23EB1BF264FF0067AD4C /* JTDateHelper.m */,
				710E23EC1BF264FF0067AD4C /* Managers */,
				710E23F11BF264FF0067AD4C /* Protocols */,
				710E23F81BF264FF0067AD4C /* Views */,
			);
			path = JTCalendar;
			sourceTree = "<group>";
		};
		710E23EC1BF264FF0067AD4C /* Managers */ = {
			isa = PBXGroup;
			children = (
				710E23ED1BF264FF0067AD4C /* JTCalendarDelegateManager.h */,
				710E23EE1BF264FF0067AD4C /* JTCalendarDelegateManager.m */,
				710E23EF1BF264FF0067AD4C /* JTCalendarScrollManager.h */,
				710E23F01BF264FF0067AD4C /* JTCalendarScrollManager.m */,
			);
			path = Managers;
			sourceTree = "<group>";
		};
		710E23F11BF264FF0067AD4C /* Protocols */ = {
			isa = PBXGroup;
			children = (
				710E23F21BF264FF0067AD4C /* JTCalendarDay.h */,
				710E23F31BF264FF0067AD4C /* JTCalendarPage.h */,
				710E23F41BF264FF0067AD4C /* JTCalendarWeek.h */,
				710E23F51BF264FF0067AD4C /* JTCalendarWeekDay.h */,
				710E23F61BF264FF0067AD4C /* JTContent.h */,
				710E23F71BF264FF0067AD4C /* JTMenu.h */,
			);
			path = Protocols;
			sourceTree = "<group>";
		};
		710E23F81BF264FF0067AD4C /* Views */ = {
			isa = PBXGroup;
			children = (
				710E23F91BF264FF0067AD4C /* JTCalendarDayView.h */,
				710E23FA1BF264FF0067AD4C /* JTCalendarDayView.m */,
				710E23FB1BF264FF0067AD4C /* JTCalendarMenuView.h */,
				710E23FC1BF264FF0067AD4C /* JTCalendarMenuView.m */,
				710E23FD1BF264FF0067AD4C /* JTCalendarPageView.h */,
				710E23FE1BF264FF0067AD4C /* JTCalendarPageView.m */,
				710E23FF1BF264FF0067AD4C /* JTCalendarWeekDayView.h */,
				710E24001BF264FF0067AD4C /* JTCalendarWeekDayView.m */,
				710E24011BF264FF0067AD4C /* JTCalendarWeekView.h */,
				710E24021BF264FF0067AD4C /* JTCalendarWeekView.m */,
				710E24031BF264FF0067AD4C /* JTHorizontalCalendarView.h */,
				710E24041BF264FF0067AD4C /* JTHorizontalCalendarView.m */,
				710E24051BF264FF0067AD4C /* JTVerticalCalendarView.h */,
				710E24061BF264FF0067AD4C /* JTVerticalCalendarView.m */,
			);
			path = Views;
			sourceTree = "<group>";
		};
/* End PBXGroup section */

/* Begin PBXNativeTarget section */
		710E23A21BF2550B0067AD4C /* Buck Tracker */ = {
			isa = PBXNativeTarget;
			buildConfigurationList = 710E23B51BF2550B0067AD4C /* Build configuration list for PBXNativeTarget "Buck Tracker" */;
			buildPhases = (
				710E239F1BF2550B0067AD4C /* Sources */,
				710E23A01BF2550B0067AD4C /* Frameworks */,
				710E23A11BF2550B0067AD4C /* Resources */,
			);
			buildRules = (
			);
			dependencies = (
			);
			name = "Buck Tracker";
			productName = "Buck Tracker";
			productReference = 710E23A31BF2550B0067AD4C /* Buck Tracker.app */;
			productType = "com.apple.product-type.application";
		};
/* End PBXNativeTarget section */

/* Begin PBXProject section */
		710E239B1BF2550B0067AD4C /* Project object */ = {
			isa = PBXProject;
			attributes = {
				LastSwiftUpdateCheck = 0710;
				LastUpgradeCheck = 0710;
				ORGANIZATIONNAME = "Alex Ling";
				TargetAttributes = {
					710E23A21BF2550B0067AD4C = {
						CreatedOnToolsVersion = 7.1;
					};
				};
			};
			buildConfigurationList = 710E239E1BF2550B0067AD4C /* Build configuration list for PBXProject "Buck Tracker" */;
			compatibilityVersion = "Xcode 3.2";
			developmentRegion = English;
			hasScannedForEncodings = 0;
			knownRegions = (
				en,
				Base,
			);
			mainGroup = 710E239A1BF2550B0067AD4C;
			productRefGroup = 710E23A41BF2550B0067AD4C /* Products */;
			projectDirPath = "";
			projectRoot = "";
			targets = (
				710E23A21BF2550B0067AD4C /* Buck Tracker */,
			);
		};
/* End PBXProject section */

/* Begin PBXResourcesBuildPhase section */
		710E23A11BF2550B0067AD4C /* Resources */ = {
			isa = PBXResourcesBuildPhase;
			buildActionMask = 2147483647;
			files = (
				710E23B11BF2550B0067AD4C /* LaunchScreen.storyboard in Resources */,
				710E23AE1BF2550B0067AD4C /* Assets.xcassets in Resources */,
				710E23AC1BF2550B0067AD4C /* Main.storyboard in Resources */,
			);
			runOnlyForDeploymentPostprocessing = 0;
		};
/* End PBXResourcesBuildPhase section */

/* Begin PBXSourcesBuildPhase section */
		710E239F1BF2550B0067AD4C /* Sources */ = {
			isa = PBXSourcesBuildPhase;
			buildActionMask = 2147483647;
			files = (
				710E23BD1BF2577B0067AD4C /* Yuno.swift in Sources */,
				710E240C1BF264FF0067AD4C /* JTCalendarDayView.m in Sources */,
				710E24121BF265000067AD4C /* JTVerticalCalendarView.m in Sources */,
				710E24111BF265000067AD4C /* JTHorizontalCalendarView.m in Sources */,
				710E24081BF264FF0067AD4C /* JTCalendarSettings.m in Sources */,
				710E23BB1BF255C10067AD4C /* MainViewController.swift in Sources */,
				710E24151BF266E70067AD4C /* CalendarViewController.swift in Sources */,
				710E23C01BF257BB0067AD4C /* Model.xcdatamodeld in Sources */,
				710E24071BF264FF0067AD4C /* JTCalendarManager.m in Sources */,
				710E24091BF264FF0067AD4C /* JTDateHelper.m in Sources */,
				710E240F1BF264FF0067AD4C /* JTCalendarWeekDayView.m in Sources */,
				710E240D1BF264FF0067AD4C /* JTCalendarMenuView.m in Sources */,
				710E240B1BF264FF0067AD4C /* JTCalendarScrollManager.m in Sources */,
				710E24101BF265000067AD4C /* JTCalendarWeekView.m in Sources */,
				710E240A1BF264FF0067AD4C /* JTCalendarDelegateManager.m in Sources */,
				710E240E1BF264FF0067AD4C /* JTCalendarPageView.m in Sources */,
				710E23A71BF2550B0067AD4C /* AppDelegate.swift in Sources */,
				710E23B91BF2554C0067AD4C /* AWScrollView.swift in Sources */,
			);
			runOnlyForDeploymentPostprocessing = 0;
		};
/* End PBXSourcesBuildPhase section */

/* Begin PBXVariantGroup section */
		710E23AA1BF2550B0067AD4C /* Main.storyboard */ = {
			isa = PBXVariantGroup;
			children = (
				710E23AB1BF2550B0067AD4C /* Base */,
			);
			name = Main.storyboard;
			sourceTree = "<group>";
		};
		710E23AF1BF2550B0067AD4C /* LaunchScreen.storyboard */ = {
			isa = PBXVariantGroup;
			children = (
				710E23B01BF2550B0067AD4C /* Base */,
			);
			name = LaunchScreen.storyboard;
			sourceTree = "<group>";
		};
/* End PBXVariantGroup section */

/* Begin XCBuildConfiguration section */
		710E23B31BF2550B0067AD4C /* Debug */ = {
			isa = XCBuildConfiguration;
			buildSettings = {
				ALWAYS_SEARCH_USER_PATHS = NO;
				CLANG_CXX_LANGUAGE_STANDARD = "gnu++0x";
				CLANG_CXX_LIBRARY = "libc++";
				CLANG_ENABLE_MODULES = YES;
				CLANG_ENABLE_OBJC_ARC = YES;
				CLANG_WARN_BOOL_CONVERSION = YES;
				CLANG_WARN_CONSTANT_CONVERSION = YES;
				CLANG_WARN_DIRECT_OBJC_ISA_USAGE = YES_ERROR;
				CLANG_WARN_EMPTY_BODY = YES;
				CLANG_WARN_ENUM_CONVERSION = YES;
				CLANG_WARN_INT_CONVERSION = YES;
				CLANG_WARN_OBJC_ROOT_CLASS = YES_ERROR;
				CLANG_WARN_UNREACHABLE_CODE = YES;
				CLANG_WARN__DUPLICATE_METHOD_MATCH = YES;
				"CODE_SIGN_IDENTITY[sdk=iphoneos*]" = "iPhone Developer";
				COPY_PHASE_STRIP = NO;
				DEBUG_INFORMATION_FORMAT = dwarf;
				ENABLE_STRICT_OBJC_MSGSEND = YES;
				ENABLE_TESTABILITY = YES;
				GCC_C_LANGUAGE_STANDARD = gnu99;
				GCC_DYNAMIC_NO_PIC = NO;
				GCC_NO_COMMON_BLOCKS = YES;
				GCC_OPTIMIZATION_LEVEL = 0;
				GCC_PREPROCESSOR_DEFINITIONS = (
					"DEBUG=1",
					"$(inherited)",
				);
				GCC_WARN_64_TO_32_BIT_CONVERSION = YES;
				GCC_WARN_ABOUT_RETURN_TYPE = YES_ERROR;
				GCC_WARN_UNDECLARED_SELECTOR = YES;
				GCC_WARN_UNINITIALIZED_AUTOS = YES_AGGRESSIVE;
				GCC_WARN_UNUSED_FUNCTION = YES;
				GCC_WARN_UNUSED_VARIABLE = YES;
				IPHONEOS_DEPLOYMENT_TARGET = 9.1;
				MTL_ENABLE_DEBUG_INFO = YES;
				ONLY_ACTIVE_ARCH = YES;
				SDKROOT = iphoneos;
				SWIFT_OPTIMIZATION_LEVEL = "-Onone";
				TARGETED_DEVICE_FAMILY = "1,2";
			};
			name = Debug;
		};
		710E23B41BF2550B0067AD4C /* Release */ = {
			isa = XCBuildConfiguration;
			buildSettings = {
				ALWAYS_SEARCH_USER_PATHS = NO;
				CLANG_CXX_LANGUAGE_STANDARD = "gnu++0x";
				CLANG_CXX_LIBRARY = "libc++";
				CLANG_ENABLE_MODULES = YES;
				CLANG_ENABLE_OBJC_ARC = YES;
				CLANG_WARN_BOOL_CONVERSION = YES;
				CLANG_WARN_CONSTANT_CONVERSION = YES;
				CLANG_WARN_DIRECT_OBJC_ISA_USAGE = YES_ERROR;
				CLANG_WARN_EMPTY_BODY = YES;
				CLANG_WARN_ENUM_CONVERSION = YES;
				CLANG_WARN_INT_CONVERSION = YES;
				CLANG_WARN_OBJC_ROOT_CLASS = YES_ERROR;
				CLANG_WARN_UNREACHABLE_CODE = YES;
				CLANG_WARN__DUPLICATE_METHOD_MATCH = YES;
				"CODE_SIGN_IDENTITY[sdk=iphoneos*]" = "iPhone Developer";
				COPY_PHASE_STRIP = NO;
				DEBUG_INFORMATION_FORMAT = "dwarf-with-dsym";
				ENABLE_NS_ASSERTIONS = NO;
				ENABLE_STRICT_OBJC_MSGSEND = YES;
				GCC_C_LANGUAGE_STANDARD = gnu99;
				GCC_NO_COMMON_BLOCKS = YES;
				GCC_WARN_64_TO_32_BIT_CONVERSION = YES;
				GCC_WARN_ABOUT_RETURN_TYPE = YES_ERROR;
				GCC_WARN_UNDECLARED_SELECTOR = YES;
				GCC_WARN_UNINITIALIZED_AUTOS = YES_AGGRESSIVE;
				GCC_WARN_UNUSED_FUNCTION = YES;
				GCC_WARN_UNUSED_VARIABLE = YES;
				IPHONEOS_DEPLOYMENT_TARGET = 9.1;
				MTL_ENABLE_DEBUG_INFO = NO;
				SDKROOT = iphoneos;
				TARGETED_DEVICE_FAMILY = "1,2";
				VALIDATE_PRODUCT = YES;
			};
			name = Release;
		};
		710E23B61BF2550B0067AD4C /* Debug */ = {
			isa = XCBuildConfiguration;
			buildSettings = {
				ASSETCATALOG_COMPILER_APPICON_NAME = AppIcon;
				INFOPLIST_FILE = "Buck Tracker/Info.plist";
				LD_RUNPATH_SEARCH_PATHS = "$(inherited) @executable_path/Frameworks";
				PRODUCT_BUNDLE_IDENTIFIER = "hkalexling.Buck-Tracker";
				PRODUCT_NAME = "$(TARGET_NAME)";
				SWIFT_OBJC_BRIDGING_HEADER = "./Buck Tracker/Buck_Tracker-bridging-header.h";
			};
			name = Debug;
		};
		710E23B71BF2550B0067AD4C /* Release */ = {
			isa = XCBuildConfiguration;
			buildSettings = {
				ASSETCATALOG_COMPILER_APPICON_NAME = AppIcon;
				INFOPLIST_FILE = "Buck Tracker/Info.plist";
				LD_RUNPATH_SEARCH_PATHS = "$(inherited) @executable_path/Frameworks";
				PRODUCT_BUNDLE_IDENTIFIER = "hkalexling.Buck-Tracker";
				PRODUCT_NAME = "$(TARGET_NAME)";
				SWIFT_OBJC_BRIDGING_HEADER = "./Buck Tracker/Buck_Tracker-bridging-header.h";
			};
			name = Release;
		};
/* End XCBuildConfiguration section */

/* Begin XCConfigurationList section */
		710E239E1BF2550B0067AD4C /* Build configuration list for PBXProject "Buck Tracker" */ = {
			isa = XCConfigurationList;
			buildConfigurations = (
				710E23B31BF2550B0067AD4C /* Debug */,
				710E23B41BF2550B0067AD4C /* Release */,
			);
			defaultConfigurationIsVisible = 0;
			defaultConfigurationName = Release;
		};
		710E23B51BF2550B0067AD4C /* Build configuration list for PBXNativeTarget "Buck Tracker" */ = {
			isa = XCConfigurationList;
			buildConfigurations = (
				710E23B61BF2550B0067AD4C /* Debug */,
				710E23B71BF2550B0067AD4C /* Release */,
			);
			defaultConfigurationIsVisible = 0;
		};
/* End XCConfigurationList section */

/* Begin XCVersionGroup section */
		710E23BE1BF257BB0067AD4C /* Model.xcdatamodeld */ = {
			isa = XCVersionGroup;
			children = (
				710E23BF1BF257BB0067AD4C /* Model.xcdatamodel */,
			);
			currentVersion = 710E23BF1BF257BB0067AD4C /* Model.xcdatamodel */;
			path = Model.xcdatamodeld;
			sourceTree = "<group>";
			versionGroupType = wrapper.xcdatamodel;
		};
/* End XCVersionGroup section */
	};
	rootObject = 710E239B1BF2550B0067AD4C /* Project object */;
}
